// !$*UTF8*$!
{
	archiveVersion = 1;
	classes = {
	};
	objectVersion = 63;
	objects = {

/* Begin PBXBuildFile section */
		09CCE7E2177368FB904D693B /* BannerAdView.swift in Sources */ = {isa = PBXBuildFile; fileRef = 9922FC33CF8F3D036A855431 /* BannerAdView.swift */; };
		0C80FA060484DCD50B491456 /* EventCardView.swift in Sources */ = {isa = PBXBuildFile; fileRef = 14652686EB4FCE95B1C8C3A1 /* EventCardView.swift */; };
		3BC57F555B7E7646B7E25AD1 /* GoogleMobileAds in Frameworks */ = {isa = PBXBuildFile; productRef = A1B9D06FFCA6914E1C1548B0 /* GoogleMobileAds */; };
		47CDEEA43BFFFE73046AF0DE /* InterstitialAdHelper.swift in Sources */ = {isa = PBXBuildFile; fileRef = 873C3C58C568217DFEC6EC9A /* InterstitialAdHelper.swift */; };
		5156452426C9F18FD4A51100 /* NotificationHelper.swift in Sources */ = {isa = PBXBuildFile; fileRef = 53A8B0446FFAB1F29AD821B3 /* NotificationHelper.swift */; };
		54868AEBC67DC36AD4421AC2 /* CountdownEvent.swift in Sources */ = {isa = PBXBuildFile; fileRef = CE4E9DAC322F4895B5E45E7E /* CountdownEvent.swift */; };
		66742E7F4A2ABAACEB5B645A /* EventDetailView.swift in Sources */ = {isa = PBXBuildFile; fileRef = B38B0BC046CBF3D7B77B53C1 /* EventDetailView.swift */; };
		6A1E092F50E488BF70223EDE /* EventListView.swift in Sources */ = {isa = PBXBuildFile; fileRef = 5268E1B6113EE1D6CEB68B00 /* EventListView.swift */; };
		6EC4E74F1F52C3182BFDB125 /* DaysieApp.swift in Sources */ = {isa = PBXBuildFile; fileRef = AEE202D569FB05607A627521 /* DaysieApp.swift */; };
		9816BF551872167B99332EA6 /* EventsViewModel.swift in Sources */ = {isa = PBXBuildFile; fileRef = E5B68B680372E8779A237265 /* EventsViewModel.swift */; };
		B6045D1D4091CE0112485AD2 /* AddEditEventView.swift in Sources */ = {isa = PBXBuildFile; fileRef = C9D41C6567EF602A91F628B9 /* AddEditEventView.swift */; };
		B7B87C0B415D2E7C1405B631 /* DateHelper.swift in Sources */ = {isa = PBXBuildFile; fileRef = 44D41731F5A5819235408BF1 /* DateHelper.swift */; };
		D00F7C7048D2631EDFD4E637 /* DateHelper.swift in Sources */ = {isa = PBXBuildFile; fileRef = 44D41731F5A5819235408BF1 /* DateHelper.swift */; };
		EF83AF6D80F2668515ED65FE /* CountdownEvent.swift in Sources */ = {isa = PBXBuildFile; fileRef = CE4E9DAC322F4895B5E45E7E /* CountdownEvent.swift */; };
		FF8EF96381E94C4ED7C16377 /* CountdownWidget.swift in Sources */ = {isa = PBXBuildFile; fileRef = D275212B22D0C60A26EBF1E5 /* CountdownWidget.swift */; };
/* End PBXBuildFile section */

/* Begin PBXFileReference section */
		14652686EB4FCE95B1C8C3A1 /* EventCardView.swift */ = {isa = PBXFileReference; lastKnownFileType = sourcecode.swift; path = EventCardView.swift; sourceTree = "<group>"; };
		3E5FA11578B78690E47369C7 /* Info.plist */ = {isa = PBXFileReference; lastKnownFileType = text.plist; path = Info.plist; sourceTree = "<group>"; };
		44D41731F5A5819235408BF1 /* DateHelper.swift */ = {isa = PBXFileReference; lastKnownFileType = sourcecode.swift; path = DateHelper.swift; sourceTree = "<group>"; };
		5268E1B6113EE1D6CEB68B00 /* EventListView.swift */ = {isa = PBXFileReference; lastKnownFileType = sourcecode.swift; path = EventListView.swift; sourceTree = "<group>"; };
		53A8B0446FFAB1F29AD821B3 /* NotificationHelper.swift */ = {isa = PBXFileReference; lastKnownFileType = sourcecode.swift; path = NotificationHelper.swift; sourceTree = "<group>"; };
		778D35D7BCF042ACB3F2C2E4 /* Daysie.app */ = {isa = PBXFileReference; explicitFileType = wrapper.application; includeInIndex = 0; path = Daysie.app; sourceTree = BUILT_PRODUCTS_DIR; };
		873C3C58C568217DFEC6EC9A /* InterstitialAdHelper.swift */ = {isa = PBXFileReference; lastKnownFileType = sourcecode.swift; path = InterstitialAdHelper.swift; sourceTree = "<group>"; };
		9922FC33CF8F3D036A855431 /* BannerAdView.swift */ = {isa = PBXFileReference; lastKnownFileType = sourcecode.swift; path = BannerAdView.swift; sourceTree = "<group>"; };
		AE5498268BA228941E628790 /* DaysieWidget.appex */ = {isa = PBXFileReference; explicitFileType = "wrapper.app-extension"; includeInIndex = 0; path = DaysieWidget.appex; sourceTree = BUILT_PRODUCTS_DIR; };
		AEE202D569FB05607A627521 /* DaysieApp.swift */ = {isa = PBXFileReference; lastKnownFileType = sourcecode.swift; path = DaysieApp.swift; sourceTree = "<group>"; };
		B38B0BC046CBF3D7B77B53C1 /* EventDetailView.swift */ = {isa = PBXFileReference; lastKnownFileType = sourcecode.swift; path = EventDetailView.swift; sourceTree = "<group>"; };
		C9D41C6567EF602A91F628B9 /* AddEditEventView.swift */ = {isa = PBXFileReference; lastKnownFileType = sourcecode.swift; path = AddEditEventView.swift; sourceTree = "<group>"; };
		CE4E9DAC322F4895B5E45E7E /* CountdownEvent.swift */ = {isa = PBXFileReference; lastKnownFileType = sourcecode.swift; path = CountdownEvent.swift; sourceTree = "<group>"; };
		D275212B22D0C60A26EBF1E5 /* CountdownWidget.swift */ = {isa = PBXFileReference; lastKnownFileType = sourcecode.swift; path = CountdownWidget.swift; sourceTree = "<group>"; };
		E5B68B680372E8779A237265 /* EventsViewModel.swift */ = {isa = PBXFileReference; lastKnownFileType = sourcecode.swift; path = EventsViewModel.swift; sourceTree = "<group>"; };
/* End PBXFileReference section */

/* Begin PBXFrameworksBuildPhase section */
		DB46C5F398334D090706974F /* Frameworks */ = {
			isa = PBXFrameworksBuildPhase;
			buildActionMask = 2147483647;
			files = (
				3BC57F555B7E7646B7E25AD1 /* GoogleMobileAds in Frameworks */,
			);
			runOnlyForDeploymentPostprocessing = 0;
		};
/* End PBXFrameworksBuildPhase section */

/* Begin PBXGroup section */
		04E5162FC6E719DDDB1B4D75 /* Helpers */ = {
			isa = PBXGroup;
			children = (
				44D41731F5A5819235408BF1 /* DateHelper.swift */,
				873C3C58C568217DFEC6EC9A /* InterstitialAdHelper.swift */,
				53A8B0446FFAB1F29AD821B3 /* NotificationHelper.swift */,
			);
			path = Helpers;
			sourceTree = "<group>";
		};
		276C03272A59A7D4C4B31F82 /* ViewModels */ = {
			isa = PBXGroup;
			children = (
				E5B68B680372E8779A237265 /* EventsViewModel.swift */,
			);
			path = ViewModels;
			sourceTree = "<group>";
		};
		5860513CEE8927A8913B498F /* Views */ = {
			isa = PBXGroup;
			children = (
				C9D41C6567EF602A91F628B9 /* AddEditEventView.swift */,
				9922FC33CF8F3D036A855431 /* BannerAdView.swift */,
				14652686EB4FCE95B1C8C3A1 /* EventCardView.swift */,
				B38B0BC046CBF3D7B77B53C1 /* EventDetailView.swift */,
				5268E1B6113EE1D6CEB68B00 /* EventListView.swift */,
			);
			path = Views;
			sourceTree = "<group>";
		};
		99B7C332A6E53EBCF530E455 /* Models */ = {
			isa = PBXGroup;
			children = (
				CE4E9DAC322F4895B5E45E7E /* CountdownEvent.swift */,
			);
			path = Models;
			sourceTree = "<group>";
		};
		AEDC0E1829F43AA299B16594 /* Widget */ = {
			isa = PBXGroup;
			children = (
				D275212B22D0C60A26EBF1E5 /* CountdownWidget.swift */,
			);
			name = Widget;
			path = Daysie/Widget;
			sourceTree = "<group>";
		};
		D1C79F7C5110306E556FE116 /* Daysie */ = {
			isa = PBXGroup;
			children = (
				AEE202D569FB05607A627521 /* DaysieApp.swift */,
				3E5FA11578B78690E47369C7 /* Info.plist */,
				04E5162FC6E719DDDB1B4D75 /* Helpers */,
				99B7C332A6E53EBCF530E455 /* Models */,
				276C03272A59A7D4C4B31F82 /* ViewModels */,
				5860513CEE8927A8913B498F /* Views */,
			);
			path = Daysie;
			sourceTree = "<group>";
		};
		E9B9A375DE1CA70AB512D828 /* Products */ = {
			isa = PBXGroup;
			children = (
				778D35D7BCF042ACB3F2C2E4 /* Daysie.app */,
				AE5498268BA228941E628790 /* DaysieWidget.appex */,
			);
			name = Products;
			sourceTree = "<group>";
		};
		F27E5E83956D8970096D6BA0 = {
			isa = PBXGroup;
			children = (
				D1C79F7C5110306E556FE116 /* Daysie */,
				AEDC0E1829F43AA299B16594 /* Widget */,
				E9B9A375DE1CA70AB512D828 /* Products */,
			);
			sourceTree = "<group>";
		};
/* End PBXGroup section */

/* Begin PBXNativeTarget section */
		32425826B91D08D4B6C05618 /* DaysieWidget */ = {
			isa = PBXNativeTarget;
			buildConfigurationList = 24EA7E9ECBF86D23C38B14CF /* Build configuration list for PBXNativeTarget "DaysieWidget" */;
			buildPhases = (
				21E93BF6E53EA4CA451D1008 /* Sources */,
			);
			buildRules = (
			);
			dependencies = (
			);
			name = DaysieWidget;
			packageProductDependencies = (
			);
			productName = DaysieWidget;
			productReference = AE5498268BA228941E628790 /* DaysieWidget.appex */;
			productType = "com.apple.product-type.app-extension";
		};
		A10821B8842AD6ABCED542F9 /* Daysie */ = {
			isa = PBXNativeTarget;
			buildConfigurationList = A4758A0DE9BAA71425FF7D27 /* Build configuration list for PBXNativeTarget "Daysie" */;
			buildPhases = (
				C4961E54809A37EAD2B17727 /* Sources */,
				DB46C5F398334D090706974F /* Frameworks */,
			);
			buildRules = (
			);
			dependencies = (
			);
			name = Daysie;
			packageProductDependencies = (
				A1B9D06FFCA6914E1C1548B0 /* GoogleMobileAds */,
			);
			productName = Daysie;
			productReference = 778D35D7BCF042ACB3F2C2E4 /* Daysie.app */;
			productType = "com.apple.product-type.application";
		};
/* End PBXNativeTarget section */

/* Begin PBXProject section */
		F40171659EB764519190BF84 /* Project object */ = {
			isa = PBXProject;
			attributes = {
				BuildIndependentTargetsInParallel = YES;
				LastUpgradeCheck = 1430;
				TargetAttributes = {
					32425826B91D08D4B6C05618 = {
						ProvisioningStyle = Automatic;
					};
					A10821B8842AD6ABCED542F9 = {
						ProvisioningStyle = Automatic;
					};
				};
			};
			buildConfigurationList = 034C716080A57947D5BB1CE9 /* Build configuration list for PBXProject "Daysie" */;
			compatibilityVersion = "Xcode 14.0";
			developmentRegion = en;
			hasScannedForEncodings = 0;
			knownRegions = (
				Base,
				en,
			);
			mainGroup = F27E5E83956D8970096D6BA0;
			minimizedProjectReferenceProxies = 1;
			packageReferences = (
				2A5A375BFBB6DAB7B21A7B37 /* XCRemoteSwiftPackageReference "swift-package-manager-google-mobile-ads" */,
			);
			projectDirPath = "";
			projectRoot = "";
			targets = (
				A10821B8842AD6ABCED542F9 /* Daysie */,
				32425826B91D08D4B6C05618 /* DaysieWidget */,
			);
		};
/* End PBXProject section */

/* Begin PBXSourcesBuildPhase section */
		21E93BF6E53EA4CA451D1008 /* Sources */ = {
			isa = PBXSourcesBuildPhase;
			buildActionMask = 2147483647;
			files = (
				EF83AF6D80F2668515ED65FE /* CountdownEvent.swift in Sources */,
				FF8EF96381E94C4ED7C16377 /* CountdownWidget.swift in Sources */,
				D00F7C7048D2631EDFD4E637 /* DateHelper.swift in Sources */,
			);
			runOnlyForDeploymentPostprocessing = 0;
		};
		C4961E54809A37EAD2B17727 /* Sources */ = {
			isa = PBXSourcesBuildPhase;
			buildActionMask = 2147483647;
			files = (
				B6045D1D4091CE0112485AD2 /* AddEditEventView.swift in Sources */,
				09CCE7E2177368FB904D693B /* BannerAdView.swift in Sources */,
				54868AEBC67DC36AD4421AC2 /* CountdownEvent.swift in Sources */,
				B7B87C0B415D2E7C1405B631 /* DateHelper.swift in Sources */,
				6EC4E74F1F52C3182BFDB125 /* DaysieApp.swift in Sources */,
				0C80FA060484DCD50B491456 /* EventCardView.swift in Sources */,
				66742E7F4A2ABAACEB5B645A /* EventDetailView.swift in Sources */,
				6A1E092F50E488BF70223EDE /* EventListView.swift in Sources */,
				9816BF551872167B99332EA6 /* EventsViewModel.swift in Sources */,
				47CDEEA43BFFFE73046AF0DE /* InterstitialAdHelper.swift in Sources */,
				5156452426C9F18FD4A51100 /* NotificationHelper.swift in Sources */,
			);
			runOnlyForDeploymentPostprocessing = 0;
		};
/* End PBXSourcesBuildPhase section */

/* Begin XCBuildConfiguration section */
		4343C940C53B3472DB01B9F4 /* Release */ = {
			isa = XCBuildConfiguration;
			buildSettings = {
				ALWAYS_SEARCH_USER_PATHS = NO;
				CLANG_ANALYZER_NONNULL = YES;
				CLANG_ANALYZER_NUMBER_OBJECT_CONVERSION = YES_AGGRESSIVE;
				CLANG_CXX_LANGUAGE_STANDARD = "gnu++14";
				CLANG_CXX_LIBRARY = "libc++";
				CLANG_ENABLE_MODULES = YES;
				CLANG_ENABLE_OBJC_ARC = YES;
				CLANG_ENABLE_OBJC_WEAK = YES;
				CLANG_WARN_BLOCK_CAPTURE_AUTORELEASING = YES;
				CLANG_WARN_BOOL_CONVERSION = YES;
				CLANG_WARN_COMMA = YES;
				CLANG_WARN_CONSTANT_CONVERSION = YES;
				CLANG_WARN_DEPRECATED_OBJC_IMPLEMENTATIONS = YES;
				CLANG_WARN_DIRECT_OBJC_ISA_USAGE = YES_ERROR;
				CLANG_WARN_DOCUMENTATION_COMMENTS = YES;
				CLANG_WARN_EMPTY_BODY = YES;
				CLANG_WARN_ENUM_CONVERSION = YES;
				CLANG_WARN_INFINITE_RECURSION = YES;
				CLANG_WARN_INT_CONVERSION = YES;
				CLANG_WARN_NON_LITERAL_NULL_CONVERSION = YES;
				CLANG_WARN_OBJC_IMPLICIT_RETAIN_SELF = YES;
				CLANG_WARN_OBJC_LITERAL_CONVERSION = YES;
				CLANG_WARN_OBJC_ROOT_CLASS = YES_ERROR;
				CLANG_WARN_QUOTED_INCLUDE_IN_FRAMEWORK_HEADER = YES;
				CLANG_WARN_RANGE_LOOP_ANALYSIS = YES;
				CLANG_WARN_STRICT_PROTOTYPES = YES;
				CLANG_WARN_SUSPICIOUS_MOVE = YES;
				CLANG_WARN_UNGUARDED_AVAILABILITY = YES_AGGRESSIVE;
				CLANG_WARN_UNREACHABLE_CODE = YES;
				CLANG_WARN__DUPLICATE_METHOD_MATCH = YES;
				COPY_PHASE_STRIP = NO;
				DEBUG_INFORMATION_FORMAT = "dwarf-with-dsym";
				ENABLE_NS_ASSERTIONS = NO;
				ENABLE_STRICT_OBJC_MSGSEND = YES;
				GCC_C_LANGUAGE_STANDARD = gnu11;
				GCC_NO_COMMON_BLOCKS = YES;
				GCC_WARN_64_TO_32_BIT_CONVERSION = YES;
				GCC_WARN_ABOUT_RETURN_TYPE = YES_ERROR;
				GCC_WARN_UNDECLARED_SELECTOR = YES;
				GCC_WARN_UNINITIALIZED_AUTOS = YES_AGGRESSIVE;
				GCC_WARN_UNUSED_FUNCTION = YES;
				GCC_WARN_UNUSED_VARIABLE = YES;
				IPHONEOS_DEPLOYMENT_TARGET = 17.0;
				MTL_ENABLE_DEBUG_INFO = NO;
				MTL_FAST_MATH = YES;
				PRODUCT_NAME = "$(TARGET_NAME)";
				SDKROOT = iphoneos;
				SWIFT_COMPILATION_MODE = wholemodule;
				SWIFT_OPTIMIZATION_LEVEL = "-O";
				SWIFT_VERSION = 5.0;
			};
			name = Release;
		};
		459D2ED0ED90718734506B0E /* Release */ = {
			isa = XCBuildConfiguration;
			buildSettings = {
				CODE_SIGN_STYLE = Automatic;
				DEVELOPMENT_TEAM = 38MNL72G33;
				INFOPLIST_FILE = "Daysie/Widget/CountdownWidgetExtension-Info.plist";
				INFOPLIST_KEY_CFBundleDisplayName = Daysie;
				IPHONEOS_DEPLOYMENT_TARGET = 17.0;
				LD_RUNPATH_SEARCH_PATHS = (
					"$(inherited)",
					"@executable_path/Frameworks",
					"@executable_path/../../Frameworks",
				);
				PRODUCT_BUNDLE_IDENTIFIER = com.daysie.app.widget;
				SDKROOT = iphoneos;
				SWIFT_VERSION = 5.0;
				TARGETED_DEVICE_FAMILY = "1,2";
			};
			name = Release;
		};
		4FEF419AC2D8D7EEE6A5A31A /* Debug */ = {
			isa = XCBuildConfiguration;
			buildSettings = {
				ASSETCATALOG_COMPILER_APPICON_NAME = AppIcon;
				CODE_SIGN_IDENTITY = "iPhone Developer";
				CODE_SIGN_STYLE = Automatic;
				CURRENT_PROJECT_VERSION = 1;
				DEVELOPMENT_TEAM = 38MNL72G33;
				INFOPLIST_FILE = Daysie/Info.plist;
				IPHONEOS_DEPLOYMENT_TARGET = 17.0;
				LD_RUNPATH_SEARCH_PATHS = (
					"$(inherited)",
					"@executable_path/Frameworks",
				);
				MARKETING_VERSION = 1.0;
				PRODUCT_BUNDLE_IDENTIFIER = com.daysie.app;
				SDKROOT = iphoneos;
				SWIFT_VERSION = 5.0;
				TARGETED_DEVICE_FAMILY = "1,2";
			};
			name = Debug;
		};
		57CA712F59049724459A319E /* Debug */ = {
			isa = XCBuildConfiguration;
			buildSettings = {
				ALWAYS_SEARCH_USER_PATHS = NO;
				CLANG_ANALYZER_NONNULL = YES;
				CLANG_ANALYZER_NUMBER_OBJECT_CONVERSION = YES_AGGRESSIVE;
				CLANG_CXX_LANGUAGE_STANDARD = "gnu++14";
				CLANG_CXX_LIBRARY = "libc++";
				CLANG_ENABLE_MODULES = YES;
				CLANG_ENABLE_OBJC_ARC = YES;
				CLANG_ENABLE_OBJC_WEAK = YES;
				CLANG_WARN_BLOCK_CAPTURE_AUTORELEASING = YES;
				CLANG_WARN_BOOL_CONVERSION = YES;
				CLANG_WARN_COMMA = YES;
				CLANG_WARN_CONSTANT_CONVERSION = YES;
				CLANG_WARN_DEPRECATED_OBJC_IMPLEMENTATIONS = YES;
				CLANG_WARN_DIRECT_OBJC_ISA_USAGE = YES_ERROR;
				CLANG_WARN_DOCUMENTATION_COMMENTS = YES;
				CLANG_WARN_EMPTY_BODY = YES;
				CLANG_WARN_ENUM_CONVERSION = YES;
				CLANG_WARN_INFINITE_RECURSION = YES;
				CLANG_WARN_INT_CONVERSION = YES;
				CLANG_WARN_NON_LITERAL_NULL_CONVERSION = YES;
				CLANG_WARN_OBJC_IMPLICIT_RETAIN_SELF = YES;
				CLANG_WARN_OBJC_LITERAL_CONVERSION = YES;
				CLANG_WARN_OBJC_ROOT_CLASS = YES_ERROR;
				CLANG_WARN_QUOTED_INCLUDE_IN_FRAMEWORK_HEADER = YES;
				CLANG_WARN_RANGE_LOOP_ANALYSIS = YES;
				CLANG_WARN_STRICT_PROTOTYPES = YES;
				CLANG_WARN_SUSPICIOUS_MOVE = YES;
				CLANG_WARN_UNGUARDED_AVAILABILITY = YES_AGGRESSIVE;
				CLANG_WARN_UNREACHABLE_CODE = YES;
				CLANG_WARN__DUPLICATE_METHOD_MATCH = YES;
				COPY_PHASE_STRIP = NO;
				DEBUG_INFORMATION_FORMAT = dwarf;
				ENABLE_STRICT_OBJC_MSGSEND = YES;
				ENABLE_TESTABILITY = YES;
				GCC_C_LANGUAGE_STANDARD = gnu11;
				GCC_DYNAMIC_NO_PIC = NO;
				GCC_NO_COMMON_BLOCKS = YES;
				GCC_OPTIMIZATION_LEVEL = 0;
				GCC_PREPROCESSOR_DEFINITIONS = (
					"$(inherited)",
					"DEBUG=1",
				);
				GCC_WARN_64_TO_32_BIT_CONVERSION = YES;
				GCC_WARN_ABOUT_RETURN_TYPE = YES_ERROR;
				GCC_WARN_UNDECLARED_SELECTOR = YES;
				GCC_WARN_UNINITIALIZED_AUTOS = YES_AGGRESSIVE;
				GCC_WARN_UNUSED_FUNCTION = YES;
				GCC_WARN_UNUSED_VARIABLE = YES;
				IPHONEOS_DEPLOYMENT_TARGET = 17.0;
				MTL_ENABLE_DEBUG_INFO = INCLUDE_SOURCE;
				MTL_FAST_MATH = YES;
				ONLY_ACTIVE_ARCH = YES;
				PRODUCT_NAME = "$(TARGET_NAME)";
				SDKROOT = iphoneos;
				SWIFT_ACTIVE_COMPILATION_CONDITIONS = DEBUG;
				SWIFT_OPTIMIZATION_LEVEL = "-Onone";
				SWIFT_VERSION = 5.0;
			};
			name = Debug;
		};
		8421813393E7226706912029 /* Debug */ = {
			isa = XCBuildConfiguration;
			buildSettings = {
				CODE_SIGN_STYLE = Automatic;
				DEVELOPMENT_TEAM = 38MNL72G33;
				INFOPLIST_FILE = "Daysie/Widget/CountdownWidgetExtension-Info.plist";
				INFOPLIST_KEY_CFBundleDisplayName = Daysie;
				IPHONEOS_DEPLOYMENT_TARGET = 17.0;
				LD_RUNPATH_SEARCH_PATHS = (
					"$(inherited)",
					"@executable_path/Frameworks",
					"@executable_path/../../Frameworks",
				);
				PRODUCT_BUNDLE_IDENTIFIER = com.daysie.app.widget;
				SDKROOT = iphoneos;
				SWIFT_VERSION = 5.0;
				TARGETED_DEVICE_FAMILY = "1,2";
			};
			name = Debug;
		};
		E69C14EB3EF8A48CED3BEBFB /* Release */ = {
			isa = XCBuildConfiguration;
			buildSettings = {
				ASSETCATALOG_COMPILER_APPICON_NAME = AppIcon;
				CODE_SIGN_IDENTITY = "iPhone Developer";
				CODE_SIGN_STYLE = Automatic;
				CURRENT_PROJECT_VERSION = 1;
				DEVELOPMENT_TEAM = 38MNL72G33;
				INFOPLIST_FILE = Daysie/Info.plist;
				IPHONEOS_DEPLOYMENT_TARGET = 17.0;
				LD_RUNPATH_SEARCH_PATHS = (
					"$(inherited)",
					"@executable_path/Frameworks",
				);
				MARKETING_VERSION = 1.0;
				PRODUCT_BUNDLE_IDENTIFIER = com.daysie.app;
				SDKROOT = iphoneos;
				SWIFT_VERSION = 5.0;
				TARGETED_DEVICE_FAMILY = "1,2";
			};
			name = Release;
		};
/* End XCBuildConfiguration section */

/* Begin XCConfigurationList section */
		034C716080A57947D5BB1CE9 /* Build configuration list for PBXProject "Daysie" */ = {
			isa = XCConfigurationList;
			buildConfigurations = (
				57CA712F59049724459A319E /* Debug */,
				4343C940C53B3472DB01B9F4 /* Release */,
			);
			defaultConfigurationIsVisible = 0;
			defaultConfigurationName = Debug;
		};
		24EA7E9ECBF86D23C38B14CF /* Build configuration list for PBXNativeTarget "DaysieWidget" */ = {
			isa = XCConfigurationList;
			buildConfigurations = (
				8421813393E7226706912029 /* Debug */,
				459D2ED0ED90718734506B0E /* Release */,
			);
			defaultConfigurationIsVisible = 0;
			defaultConfigurationName = Debug;
		};
		A4758A0DE9BAA71425FF7D27 /* Build configuration list for PBXNativeTarget "Daysie" */ = {
			isa = XCConfigurationList;
			buildConfigurations = (
				4FEF419AC2D8D7EEE6A5A31A /* Debug */,
				E69C14EB3EF8A48CED3BEBFB /* Release */,
			);
			defaultConfigurationIsVisible = 0;
			defaultConfigurationName = Debug;
		};
/* End XCConfigurationList section */

/* Begin XCRemoteSwiftPackageReference section */
		2A5A375BFBB6DAB7B21A7B37 /* XCRemoteSwiftPackageReference "swift-package-manager-google-mobile-ads" */ = {
			isa = XCRemoteSwiftPackageReference;
			repositoryURL = "https://github.com/googleads/swift-package-manager-google-mobile-ads";
			requirement = {
				kind = upToNextMajorVersion;
				minimumVersion = 11.0.0;
			};
		};
/* End XCRemoteSwiftPackageReference section */

/* Begin XCSwiftPackageProductDependency section */
		A1B9D06FFCA6914E1C1548B0 /* GoogleMobileAds */ = {
			isa = XCSwiftPackageProductDependency;
			package = 2A5A375BFBB6DAB7B21A7B37 /* XCRemoteSwiftPackageReference "swift-package-manager-google-mobile-ads" */;
			productName = GoogleMobileAds;
		};
/* End XCSwiftPackageProductDependency section */
	};
	rootObject = F40171659EB764519190BF84 /* Project object */;
}
